// !$*UTF8*$!
{
	archiveVersion = 1;
	classes = {
	};
	objectVersion = 77;
	objects = {

/* Begin PBXContainerItemProxy section */
		16D9EFDE2D718CF5000689CA /* PBXContainerItemProxy */ = {
			isa = PBXContainerItemProxy;
			containerPortal = 16D9EFC52D718CF4000689CA /* Project object */;
			proxyType = 1;
			remoteGlobalIDString = 16D9EFCC2D718CF4000689CA;
			remoteInfo = codereview;
		};
		16D9EFE82D718CF5000689CA /* PBXContainerItemProxy */ = {
			isa = PBXContainerItemProxy;
			containerPortal = 16D9EFC52D718CF4000689CA /* Project object */;
			proxyType = 1;
			remoteGlobalIDString = 16D9EFCC2D718CF4000689CA;
			remoteInfo = codereview;
		};
/* End PBXContainerItemProxy section */

/* Begin PBXFileReference section */
		16D9EFCD2D718CF4000689CA /* codereview.app */ = {isa = PBXFileReference; explicitFileType = wrapper.application; includeInIndex = 0; path = codereview.app; sourceTree = BUILT_PRODUCTS_DIR; };
		16D9EFDD2D718CF5000689CA /* codereviewTests.xctest */ = {isa = PBXFileReference; explicitFileType = wrapper.cfbundle; includeInIndex = 0; path = codereviewTests.xctest; sourceTree = BUILT_PRODUCTS_DIR; };
		16D9EFE72D718CF5000689CA /* codereviewUITests.xctest */ = {isa = PBXFileReference; explicitFileType = wrapper.cfbundle; includeInIndex = 0; path = codereviewUITests.xctest; sourceTree = BUILT_PRODUCTS_DIR; };
/* End PBXFileReference section */

/* Begin PBXFileSystemSynchronizedRootGroup section */
		16D9EFCF2D718CF4000689CA /* codereview */ = {
			isa = PBXFileSystemSynchronizedRootGroup;
			path = codereview;
			sourceTree = "<group>";
		};
		16D9EFE02D718CF5000689CA /* codereviewTests */ = {
			isa = PBXFileSystemSynchronizedRootGroup;
			path = codereviewTests;
			sourceTree = "<group>";
		};
		16D9EFEA2D718CF5000689CA /* codereviewUITests */ = {
			isa = PBXFileSystemSynchronizedRootGroup;
			path = codereviewUITests;
			sourceTree = "<group>";
		};
/* End PBXFileSystemSynchronizedRootGroup section */

/* Begin PBXFrameworksBuildPhase section */
		16D9EFCA2D718CF4000689CA /* Frameworks */ = {
			isa = PBXFrameworksBuildPhase;
			buildActionMask = 2147483647;
			files = (
			);
			runOnlyForDeploymentPostprocessing = 0;
		};
		16D9EFDA2D718CF5000689CA /* Frameworks */ = {
			isa = PBXFrameworksBuildPhase;
			buildActionMask = 2147483647;
			files = (
			);
			runOnlyForDeploymentPostprocessing = 0;
		};
		16D9EFE42D718CF5000689CA /* Frameworks */ = {
			isa = PBXFrameworksBuildPhase;
			buildActionMask = 2147483647;
			files = (
			);
			runOnlyForDeploymentPostprocessing = 0;
		};
/* End PBXFrameworksBuildPhase section */

/* Begin PBXGroup section */
		16D9EFC42D718CF4000689CA = {
			isa = PBXGroup;
			children = (
				16D9EFCF2D718CF4000689CA /* codereview */,
				16D9EFE02D718CF5000689CA /* codereviewTests */,
				16D9EFEA2D718CF5000689CA /* codereviewUITests */,
				16D9EFCE2D718CF4000689CA /* Products */,
			);
			sourceTree = "<group>";
		};
		16D9EFCE2D718CF4000689CA /* Products */ = {
			isa = PBXGroup;
			children = (
				16D9EFCD2D718CF4000689CA /* codereview.app */,
				16D9EFDD2D718CF5000689CA /* codereviewTests.xctest */,
				16D9EFE72D718CF5000689CA /* codereviewUITests.xctest */,
			);
			name = Products;
			sourceTree = "<group>";
		};
/* End PBXGroup section */

/* Begin PBXNativeTarget section */
		16D9EFCC2D718CF4000689CA /* codereview */ = {
			isa = PBXNativeTarget;
			buildConfigurationList = 16D9EFF12D718CF5000689CA /* Build configuration list for PBXNativeTarget "codereview" */;
			buildPhases = (
				16D9EFC92D718CF4000689CA /* Sources */,
				16D9EFCA2D718CF4000689CA /* Frameworks */,
				16D9EFCB2D718CF4000689CA /* Resources */,
			);
			buildRules = (
			);
			dependencies = (
			);
			fileSystemSynchronizedGroups = (
				16D9EFCF2D718CF4000689CA /* codereview */,
			);
			name = codereview;
			packageProductDependencies = (
			);
			productName = codereview;
			productReference = 16D9EFCD2D718CF4000689CA /* codereview.app */;
			productType = "com.apple.product-type.application";
		};
		16D9EFDC2D718CF5000689CA /* codereviewTests */ = {
			isa = PBXNativeTarget;
			buildConfigurationList = 16D9EFF42D718CF5000689CA /* Build configuration list for PBXNativeTarget "codereviewTests" */;
			buildPhases = (
				16D9EFD92D718CF5000689CA /* Sources */,
				16D9EFDA2D718CF5000689CA /* Frameworks */,
				16D9EFDB2D718CF5000689CA /* Resources */,
			);
			buildRules = (
			);
			dependencies = (
				16D9EFDF2D718CF5000689CA /* PBXTargetDependency */,
			);
			fileSystemSynchronizedGroups = (
				16D9EFE02D718CF5000689CA /* codereviewTests */,
			);
			name = codereviewTests;
			packageProductDependencies = (
			);
			productName = codereviewTests;
			productReference = 16D9EFDD2D718CF5000689CA /* codereviewTests.xctest */;
			productType = "com.apple.product-type.bundle.unit-test";
		};
		16D9EFE62D718CF5000689CA /* codereviewUITests */ = {
			isa = PBXNativeTarget;
			buildConfigurationList = 16D9EFF72D718CF5000689CA /* Build configuration list for PBXNativeTarget "codereviewUITests" */;
			buildPhases = (
				16D9EFE32D718CF5000689CA /* Sources */,
				16D9EFE42D718CF5000689CA /* Frameworks */,
				16D9EFE52D718CF5000689CA /* Resources */,
			);
			buildRules = (
			);
			dependencies = (
				16D9EFE92D718CF5000689CA /* PBXTargetDependency */,
			);
			fileSystemSynchronizedGroups = (
				16D9EFEA2D718CF5000689CA /* codereviewUITests */,
			);
			name = codereviewUITests;
			packageProductDependencies = (
			);
			productName = codereviewUITests;
			productReference = 16D9EFE72D718CF5000689CA /* codereviewUITests.xctest */;
			productType = "com.apple.product-type.bundle.ui-testing";
		};
/* End PBXNativeTarget section */

/* Begin PBXProject section */
		16D9EFC52D718CF4000689CA /* Project object */ = {
			isa = PBXProject;
			attributes = {
				BuildIndependentTargetsInParallel = 1;
				LastSwiftUpdateCheck = 1620;
				LastUpgradeCheck = 1620;
				TargetAttributes = {
					16D9EFCC2D718CF4000689CA = {
						CreatedOnToolsVersion = 16.2;
					};
					16D9EFDC2D718CF5000689CA = {
						CreatedOnToolsVersion = 16.2;
						TestTargetID = 16D9EFCC2D718CF4000689CA;
					};
					16D9EFE62D718CF5000689CA = {
						CreatedOnToolsVersion = 16.2;
						TestTargetID = 16D9EFCC2D718CF4000689CA;
					};
				};
			};
			buildConfigurationList = 16D9EFC82D718CF4000689CA /* Build configuration list for PBXProject "codereview" */;
			developmentRegion = en;
			hasScannedForEncodings = 0;
			knownRegions = (
				en,
				Base,
			);
			mainGroup = 16D9EFC42D718CF4000689CA;
			minimizedProjectReferenceProxies = 1;
			preferredProjectObjectVersion = 77;
			productRefGroup = 16D9EFCE2D718CF4000689CA /* Products */;
			projectDirPath = "";
			projectRoot = "";
			targets = (
				16D9EFCC2D718CF4000689CA /* codereview */,
				16D9EFDC2D718CF5000689CA /* codereviewTests */,
				16D9EFE62D718CF5000689CA /* codereviewUITests */,
			);
		};
/* End PBXProject section */

/* Begin PBXResourcesBuildPhase section */
		16D9EFCB2D718CF4000689CA /* Resources */ = {
			isa = PBXResourcesBuildPhase;
			buildActionMask = 2147483647;
			files = (
			);
			runOnlyForDeploymentPostprocessing = 0;
		};
		16D9EFDB2D718CF5000689CA /* Resources */ = {
			isa = PBXResourcesBuildPhase;
			buildActionMask = 2147483647;
			files = (
			);
			runOnlyForDeploymentPostprocessing = 0;
		};
		16D9EFE52D718CF5000689CA /* Resources */ = {
			isa = PBXResourcesBuildPhase;
			buildActionMask = 2147483647;
			files = (
			);
			runOnlyForDeploymentPostprocessing = 0;
		};
/* End PBXResourcesBuildPhase section */

/* Begin PBXSourcesBuildPhase section */
		16D9EFC92D718CF4000689CA /* Sources */ = {
			isa = PBXSourcesBuildPhase;
			buildActionMask = 2147483647;
			files = (
			);
			runOnlyForDeploymentPostprocessing = 0;
		};
		16D9EFD92D718CF5000689CA /* Sources */ = {
			isa = PBXSourcesBuildPhase;
			buildActionMask = 2147483647;
			files = (
			);
			runOnlyForDeploymentPostprocessing = 0;
		};
		16D9EFE32D718CF5000689CA /* Sources */ = {
			isa = PBXSourcesBuildPhase;
			buildActionMask = 2147483647;
			files = (
			);
			runOnlyForDeploymentPostprocessing = 0;
		};
/* End PBXSourcesBuildPhase section */

/* Begin PBXTargetDependency section */
		16D9EFDF2D718CF5000689CA /* PBXTargetDependency */ = {
			isa = PBXTargetDependency;
			target = 16D9EFCC2D718CF4000689CA /* codereview */;
			targetProxy = 16D9EFDE2D718CF5000689CA /* PBXContainerItemProxy */;
		};
		16D9EFE92D718CF5000689CA /* PBXTargetDependency */ = {
			isa = PBXTargetDependency;
			target = 16D9EFCC2D718CF4000689CA /* codereview */;
			targetProxy = 16D9EFE82D718CF5000689CA /* PBXContainerItemProxy */;
		};
/* End PBXTargetDependency section */

/* Begin XCBuildConfiguration section */
		16D9EFEF2D718CF5000689CA /* Debug */ = {
			isa = XCBuildConfiguration;
			buildSettings = {
				ALWAYS_SEARCH_USER_PATHS = NO;
				ASSETCATALOG_COMPILER_GENERATE_SWIFT_ASSET_SYMBOL_EXTENSIONS = YES;
				CLANG_ANALYZER_NONNULL = YES;
				CLANG_ANALYZER_NUMBER_OBJECT_CONVERSION = YES_AGGRESSIVE;
				CLANG_CXX_LANGUAGE_STANDARD = "gnu++20";
				CLANG_ENABLE_MODULES = YES;
				CLANG_ENABLE_OBJC_ARC = YES;
				CLANG_ENABLE_OBJC_WEAK = YES;
				CLANG_WARN_BLOCK_CAPTURE_AUTORELEASING = YES;
				CLANG_WARN_BOOL_CONVERSION = YES;
				CLANG_WARN_COMMA = YES;
				CLANG_WARN_CONSTANT_CONVERSION = YES;
				CLANG_WARN_DEPRECATED_OBJC_IMPLEMENTATIONS = YES;
				CLANG_WARN_DIRECT_OBJC_ISA_USAGE = YES_ERROR;
				CLANG_WARN_DOCUMENTATION_COMMENTS = YES;
				CLANG_WARN_EMPTY_BODY = YES;
				CLANG_WARN_ENUM_CONVERSION = YES;
				CLANG_WARN_INFINITE_RECURSION = YES;
				CLANG_WARN_INT_CONVERSION = YES;
				CLANG_WARN_NON_LITERAL_NULL_CONVERSION = YES;
				CLANG_WARN_OBJC_IMPLICIT_RETAIN_SELF = YES;
				CLANG_WARN_OBJC_LITERAL_CONVERSION = YES;
				CLANG_WARN_OBJC_ROOT_CLASS = YES_ERROR;
				CLANG_WARN_QUOTED_INCLUDE_IN_FRAMEWORK_HEADER = YES;
				CLANG_WARN_RANGE_LOOP_ANALYSIS = YES;
				CLANG_WARN_STRICT_PROTOTYPES = YES;
				CLANG_WARN_SUSPICIOUS_MOVE = YES;
				CLANG_WARN_UNGUARDED_AVAILABILITY = YES_AGGRESSIVE;
				CLANG_WARN_UNREACHABLE_CODE = YES;
				CLANG_WARN__DUPLICATE_METHOD_MATCH = YES;
				COPY_PHASE_STRIP = NO;
				DEBUG_INFORMATION_FORMAT = dwarf;
				ENABLE_STRICT_OBJC_MSGSEND = YES;
				ENABLE_TESTABILITY = YES;
				ENABLE_USER_SCRIPT_SANDBOXING = YES;
				GCC_C_LANGUAGE_STANDARD = gnu17;
				GCC_DYNAMIC_NO_PIC = NO;
				GCC_NO_COMMON_BLOCKS = YES;
				GCC_OPTIMIZATION_LEVEL = 0;
				GCC_PREPROCESSOR_DEFINITIONS = (
					"DEBUG=1",
					"$(inherited)",
				);
				GCC_WARN_64_TO_32_BIT_CONVERSION = YES;
				GCC_WARN_ABOUT_RETURN_TYPE = YES_ERROR;
				GCC_WARN_UNDECLARED_SELECTOR = YES;
				GCC_WARN_UNINITIALIZED_AUTOS = YES_AGGRESSIVE;
				GCC_WARN_UNUSED_FUNCTION = YES;
				GCC_WARN_UNUSED_VARIABLE = YES;
				IPHONEOS_DEPLOYMENT_TARGET = 18.2;
				LOCALIZATION_PREFERS_STRING_CATALOGS = YES;
				MTL_ENABLE_DEBUG_INFO = INCLUDE_SOURCE;
				MTL_FAST_MATH = YES;
				ONLY_ACTIVE_ARCH = YES;
				SDKROOT = iphoneos;
				SWIFT_ACTIVE_COMPILATION_CONDITIONS = "DEBUG $(inherited)";
				SWIFT_OPTIMIZATION_LEVEL = "-Onone";
			};
			name = Debug;
		};
		16D9EFF02D718CF5000689CA /* Release */ = {
			isa = XCBuildConfiguration;
			buildSettings = {
				ALWAYS_SEARCH_USER_PATHS = NO;
				ASSETCATALOG_COMPILER_GENERATE_SWIFT_ASSET_SYMBOL_EXTENSIONS = YES;
				CLANG_ANALYZER_NONNULL = YES;
				CLANG_ANALYZER_NUMBER_OBJECT_CONVERSION = YES_AGGRESSIVE;
				CLANG_CXX_LANGUAGE_STANDARD = "gnu++20";
				CLANG_ENABLE_MODULES = YES;
				CLANG_ENABLE_OBJC_ARC = YES;
				CLANG_ENABLE_OBJC_WEAK = YES;
				CLANG_WARN_BLOCK_CAPTURE_AUTORELEASING = YES;
				CLANG_WARN_BOOL_CONVERSION = YES;
				CLANG_WARN_COMMA = YES;
				CLANG_WARN_CONSTANT_CONVERSION = YES;
				CLANG_WARN_DEPRECATED_OBJC_IMPLEMENTATIONS = YES;
				CLANG_WARN_DIRECT_OBJC_ISA_USAGE = YES_ERROR;
				CLANG_WARN_DOCUMENTATION_COMMENTS = YES;
				CLANG_WARN_EMPTY_BODY = YES;
				CLANG_WARN_ENUM_CONVERSION = YES;
				CLANG_WARN_INFINITE_RECURSION = YES;
				CLANG_WARN_INT_CONVERSION = YES;
				CLANG_WARN_NON_LITERAL_NULL_CONVERSION = YES;
				CLANG_WARN_OBJC_IMPLICIT_RETAIN_SELF = YES;
				CLANG_WARN_OBJC_LITERAL_CONVERSION = YES;
				CLANG_WARN_OBJC_ROOT_CLASS = YES_ERROR;
				CLANG_WARN_QUOTED_INCLUDE_IN_FRAMEWORK_HEADER = YES;
				CLANG_WARN_RANGE_LOOP_ANALYSIS = YES;
				CLANG_WARN_STRICT_PROTOTYPES = YES;
				CLANG_WARN_SUSPICIOUS_MOVE = YES;
				CLANG_WARN_UNGUARDED_AVAILABILITY = YES_AGGRESSIVE;
				CLANG_WARN_UNREACHABLE_CODE = YES;
				CLANG_WARN__DUPLICATE_METHOD_MATCH = YES;
				COPY_PHASE_STRIP = NO;
				DEBUG_INFORMATION_FORMAT = "dwarf-with-dsym";
				ENABLE_NS_ASSERTIONS = NO;
				ENABLE_STRICT_OBJC_MSGSEND = YES;
				ENABLE_USER_SCRIPT_SANDBOXING = YES;
				GCC_C_LANGUAGE_STANDARD = gnu17;
				GCC_NO_COMMON_BLOCKS = YES;
				GCC_WARN_64_TO_32_BIT_CONVERSION = YES;
				GCC_WARN_ABOUT_RETURN_TYPE = YES_ERROR;
				GCC_WARN_UNDECLARED_SELECTOR = YES;
				GCC_WARN_UNINITIALIZED_AUTOS = YES_AGGRESSIVE;
				GCC_WARN_UNUSED_FUNCTION = YES;
				GCC_WARN_UNUSED_VARIABLE = YES;
				IPHONEOS_DEPLOYMENT_TARGET = 18.2;
				LOCALIZATION_PREFERS_STRING_CATALOGS = YES;
				MTL_ENABLE_DEBUG_INFO = NO;
				MTL_FAST_MATH = YES;
				SDKROOT = iphoneos;
				SWIFT_COMPILATION_MODE = wholemodule;
				VALIDATE_PRODUCT = YES;
			};
			name = Release;
		};
		16D9EFF22D718CF5000689CA /* Debug */ = {
			isa = XCBuildConfiguration;
			buildSettings = {
				ASSETCATALOG_COMPILER_APPICON_NAME = AppIcon;
				ASSETCATALOG_COMPILER_GLOBAL_ACCENT_COLOR_NAME = AccentColor;
				CODE_SIGN_STYLE = Automatic;
				CURRENT_PROJECT_VERSION = 1;
				DEVELOPMENT_ASSET_PATHS = "\"codereview/Preview Content\"";
				DEVELOPMENT_TEAM = RKMSTG9937;
				ENABLE_PREVIEWS = YES;
				GENERATE_INFOPLIST_FILE = YES;
				INFOPLIST_KEY_UIApplicationSceneManifest_Generation = YES;
				INFOPLIST_KEY_UIApplicationSupportsIndirectInputEvents = YES;
				INFOPLIST_KEY_UILaunchScreen_Generation = YES;
				INFOPLIST_KEY_UISupportedInterfaceOrientations_iPad = "UIInterfaceOrientationPortrait UIInterfaceOrientationPortraitUpsideDown UIInterfaceOrientationLandscapeLeft UIInterfaceOrientationLandscapeRight";
				INFOPLIST_KEY_UISupportedInterfaceOrientations_iPhone = "UIInterfaceOrientationPortrait UIInterfaceOrientationLandscapeLeft UIInterfaceOrientationLandscapeRight";
				LD_RUNPATH_SEARCH_PATHS = (
					"$(inherited)",
					"@executable_path/Frameworks",
				);
				MARKETING_VERSION = 1.0;
				PRODUCT_BUNDLE_IDENTIFIER = test.codereview;
				PRODUCT_NAME = "$(TARGET_NAME)";
				SWIFT_EMIT_LOC_STRINGS = YES;
				SWIFT_VERSION = 5.0;
				TARGETED_DEVICE_FAMILY = "1,2";
			};
			name = Debug;
		};
		16D9EFF32D718CF5000689CA /* Release */ = {
			isa = XCBuildConfiguration;
			buildSettings = {
				ASSETCATALOG_COMPILER_APPICON_NAME = AppIcon;
				ASSETCATALOG_COMPILER_GLOBAL_ACCENT_COLOR_NAME = AccentColor;
				CODE_SIGN_STYLE = Automatic;
				CURRENT_PROJECT_VERSION = 1;
				DEVELOPMENT_ASSET_PATHS = "\"codereview/Preview Content\"";
				DEVELOPMENT_TEAM = RKMSTG9937;
				ENABLE_PREVIEWS = YES;
				GENERATE_INFOPLIST_FILE = YES;
				INFOPLIST_KEY_UIApplicationSceneManifest_Generation = YES;
				INFOPLIST_KEY_UIApplicationSupportsIndirectInputEvents = YES;
				INFOPLIST_KEY_UILaunchScreen_Generation = YES;
				INFOPLIST_KEY_UISupportedInterfaceOrientations_iPad = "UIInterfaceOrientationPortrait UIInterfaceOrientationPortraitUpsideDown UIInterfaceOrientationLandscapeLeft UIInterfaceOrientationLandscapeRight";
				INFOPLIST_KEY_UISupportedInterfaceOrientations_iPhone = "UIInterfaceOrientationPortrait UIInterfaceOrientationLandscapeLeft UIInterfaceOrientationLandscapeRight";
				LD_RUNPATH_SEARCH_PATHS = (
					"$(inherited)",
					"@executable_path/Frameworks",
				);
				MARKETING_VERSION = 1.0;
				PRODUCT_BUNDLE_IDENTIFIER = test.codereview;
				PRODUCT_NAME = "$(TARGET_NAME)";
				SWIFT_EMIT_LOC_STRINGS = YES;
				SWIFT_VERSION = 5.0;
				TARGETED_DEVICE_FAMILY = "1,2";
			};
			name = Release;
		};
		16D9EFF52D718CF5000689CA /* Debug */ = {
			isa = XCBuildConfiguration;
			buildSettings = {
				BUNDLE_LOADER = "$(TEST_HOST)";
				CODE_SIGN_STYLE = Automatic;
				CURRENT_PROJECT_VERSION = 1;
				DEVELOPMENT_TEAM = RKMSTG9937;
				GENERATE_INFOPLIST_FILE = YES;
				IPHONEOS_DEPLOYMENT_TARGET = 18.2;
				MARKETING_VERSION = 1.0;
				PRODUCT_BUNDLE_IDENTIFIER = test.codereviewTests;
				PRODUCT_NAME = "$(TARGET_NAME)";
				SWIFT_EMIT_LOC_STRINGS = NO;
				SWIFT_VERSION = 5.0;
				TARGETED_DEVICE_FAMILY = "1,2";
				TEST_HOST = "$(BUILT_PRODUCTS_DIR)/codereview.app/$(BUNDLE_EXECUTABLE_FOLDER_PATH)/codereview";
			};
			name = Debug;
		};
		16D9EFF62D718CF5000689CA /* Release */ = {
			isa = XCBuildConfiguration;
			buildSettings = {
				BUNDLE_LOADER = "$(TEST_HOST)";
				CODE_SIGN_STYLE = Automatic;
				CURRENT_PROJECT_VERSION = 1;
				DEVELOPMENT_TEAM = RKMSTG9937;
				GENERATE_INFOPLIST_FILE = YES;
				IPHONEOS_DEPLOYMENT_TARGET = 18.2;
				MARKETING_VERSION = 1.0;
				PRODUCT_BUNDLE_IDENTIFIER = test.codereviewTests;
				PRODUCT_NAME = "$(TARGET_NAME)";
				SWIFT_EMIT_LOC_STRINGS = NO;
				SWIFT_VERSION = 5.0;
				TARGETED_DEVICE_FAMILY = "1,2";
				TEST_HOST = "$(BUILT_PRODUCTS_DIR)/codereview.app/$(BUNDLE_EXECUTABLE_FOLDER_PATH)/codereview";
			};
			name = Release;
		};
		16D9EFF82D718CF5000689CA /* Debug */ = {
			isa = XCBuildConfiguration;
			buildSettings = {
				CODE_SIGN_STYLE = Automatic;
				CURRENT_PROJECT_VERSION = 1;
				DEVELOPMENT_TEAM = RKMSTG9937;
				GENERATE_INFOPLIST_FILE = YES;
				MARKETING_VERSION = 1.0;
				PRODUCT_BUNDLE_IDENTIFIER = test.codereviewUITests;
				PRODUCT_NAME = "$(TARGET_NAME)";
				SWIFT_EMIT_LOC_STRINGS = NO;
				SWIFT_VERSION = 5.0;
				TARGETED_DEVICE_FAMILY = "1,2";
				TEST_TARGET_NAME = codereview;
			};
			name = Debug;
		};
		16D9EFF92D718CF5000689CA /* Release */ = {
			isa = XCBuildConfiguration;
			buildSettings = {
				CODE_SIGN_STYLE = Automatic;
				CURRENT_PROJECT_VERSION = 1;
				DEVELOPMENT_TEAM = RKMSTG9937;
				GENERATE_INFOPLIST_FILE = YES;
				MARKETING_VERSION = 1.0;
				PRODUCT_BUNDLE_IDENTIFIER = test.codereviewUITests;
				PRODUCT_NAME = "$(TARGET_NAME)";
				SWIFT_EMIT_LOC_STRINGS = NO;
				SWIFT_VERSION = 5.0;
				TARGETED_DEVICE_FAMILY = "1,2";
				TEST_TARGET_NAME = codereview;
			};
			name = Release;
		};
/* End XCBuildConfiguration section */

/* Begin XCConfigurationList section */
		16D9EFC82D718CF4000689CA /* Build configuration list for PBXProject "codereview" */ = {
			isa = XCConfigurationList;
			buildConfigurations = (
				16D9EFEF2D718CF5000689CA /* Debug */,
				16D9EFF02D718CF5000689CA /* Release */,
			);
			defaultConfigurationIsVisible = 0;
			defaultConfigurationName = Release;
		};
		16D9EFF12D718CF5000689CA /* Build configuration list for PBXNativeTarget "codereview" */ = {
			isa = XCConfigurationList;
			buildConfigurations = (
				16D9EFF22D718CF5000689CA /* Debug */,
				16D9EFF32D718CF5000689CA /* Release */,
			);
			defaultConfigurationIsVisible = 0;
			defaultConfigurationName = Release;
		};
		16D9EFF42D718CF5000689CA /* Build configuration list for PBXNativeTarget "codereviewTests" */ = {
			isa = XCConfigurationList;
			buildConfigurations = (
				16D9EFF52D718CF5000689CA /* Debug */,
				16D9EFF62D718CF5000689CA /* Release */,
			);
			defaultConfigurationIsVisible = 0;
			defaultConfigurationName = Release;
		};
		16D9EFF72D718CF5000689CA /* Build configuration list for PBXNativeTarget "codereviewUITests" */ = {
			isa = XCConfigurationList;
			buildConfigurations = (
				16D9EFF82D718CF5000689CA /* Debug */,
				16D9EFF92D718CF5000689CA /* Release */,
			);
			defaultConfigurationIsVisible = 0;
			defaultConfigurationName = Release;
		};
/* End XCConfigurationList section */
	};
	rootObject = 16D9EFC52D718CF4000689CA /* Project object */;
}
